
Microsoft Visual Studio Solution File, Format Version 12.00
# Visual Studio 15
VisualStudioVersion = 15.0.28010.2046
MinimumVisualStudioVersion = 10.0.40219.1
Project("{9A19103F-16F7-4668-BE54-9A1E7A4F7556}") = "CoursesService", "CoursesService\CoursesService.csproj", "{8EB1C90C-95CA-4CA3-8C84-891CA06239AF}"
EndProject
Project("{9A19103F-16F7-4668-BE54-9A1E7A4F7556}") = "ExamsService", "ExamsService\ExamsService.csproj", "{C42D271A-1734-4221-8A09-CB822694D6E5}"
EndProject
Project("{9A19103F-16F7-4668-BE54-9A1E7A4F7556}") = "StudentsService", "StudentsService\StudentsService.csproj", "{B6C9B131-2D79-427B-A64F-E2F5E4DDBF9E}"
EndProject
Project("{2150E333-8FDC-42A3-9474-1A3956D46DE8}") = "Infrastrcture", "Infrastrcture", "{FE7DEE35-0D15-4F03-ABDD-5F36F2425FFA}"
EndProject
Project("{9A19103F-16F7-4668-BE54-9A1E7A4F7556}") = "Data", "Data\Data.csproj", "{4BBA3027-9104-46DC-9854-45161BF633CE}"
EndProject
Project("{9A19103F-16F7-4668-BE54-9A1E7A4F7556}") = "ReportingService", "ReportingSrevice\ReportingService.csproj", "{146EB1ED-209F-49BA-B56A-B74AE1195DB8}"
EndProject
Project("{2150E333-8FDC-42A3-9474-1A3956D46DE8}") = "CoursesService", "CoursesService", "{37258019-C8ED-4073-BFB0-79C4BFE06ADE}"
EndProject
Project("{2150E333-8FDC-42A3-9474-1A3956D46DE8}") = "ExamsService", "ExamsService", "{57294399-7D94-4F1C-A306-DA405F0968F5}"
EndProject
Project("{2150E333-8FDC-42A3-9474-1A3956D46DE8}") = "ReportingService", "ReportingService", "{E2E12E85-62EA-47B0-87CB-E48B7F26F618}"
EndProject
Project("{2150E333-8FDC-42A3-9474-1A3956D46DE8}") = "StudentsSevice", "StudentsSevice", "{D4A3C0E3-29CD-4A70-AE4D-238B3508F6A5}"
EndProject
Project("{9A19103F-16F7-4668-BE54-9A1E7A4F7556}") = "CoursesBusiness", "CoursesBusiness\CoursesBusiness.csproj", "{66154C55-AC8F-48D5-B162-DB7A26C6F895}"
EndProject
Project("{9A19103F-16F7-4668-BE54-9A1E7A4F7556}") = "ExamsBusiness", "ExamsBusiness\ExamsBusiness.csproj", "{4FAC2060-EE12-419B-80A3-2591663A1804}"
EndProject
Project("{9A19103F-16F7-4668-BE54-9A1E7A4F7556}") = "ReportingBusiness", "ReportingBusiness\ReportingBusiness.csproj", "{3DFDB98A-C47B-4F62-9026-EFC283856B44}"
EndProject
Project("{9A19103F-16F7-4668-BE54-9A1E7A4F7556}") = "StudentsBusiness", "StudentsBusiness\StudentsBusiness.csproj", "{54B38227-E7D5-47B4-A001-17F451E2C317}"
EndProject
Project("{9A19103F-16F7-4668-BE54-9A1E7A4F7556}") = "ServiceBusMessaging", "ServiceBusMessaging\ServiceBusMessaging.csproj", "{0012E9F1-B445-40B5-BE0E-22D7547F420F}"
EndProject
Project("{2150E333-8FDC-42A3-9474-1A3956D46DE8}") = "WebApp", "WebApp", "{9D787DB2-7648-4686-A924-8BC7A83577E1}"
EndProject
Project("{9A19103F-16F7-4668-BE54-9A1E7A4F7556}") = "WebApp", "WebApp\WebApp.csproj", "{8A11F753-E0FB-47C4-B15D-E56047C8EA00}"
EndProject
Global
	GlobalSection(SolutionConfigurationPlatforms) = preSolution
		Debug|Any CPU = Debug|Any CPU
		Release|Any CPU = Release|Any CPU
	EndGlobalSection
	GlobalSection(ProjectConfigurationPlatforms) = postSolution
		{8EB1C90C-95CA-4CA3-8C84-891CA06239AF}.Debug|Any CPU.ActiveCfg = Debug|Any CPU
		{8EB1C90C-95CA-4CA3-8C84-891CA06239AF}.Debug|Any CPU.Build.0 = Debug|Any CPU
		{8EB1C90C-95CA-4CA3-8C84-891CA06239AF}.Release|Any CPU.ActiveCfg = Release|Any CPU
		{8EB1C90C-95CA-4CA3-8C84-891CA06239AF}.Release|Any CPU.Build.0 = Release|Any CPU
		{C42D271A-1734-4221-8A09-CB822694D6E5}.Debug|Any CPU.ActiveCfg = Debug|Any CPU
		{C42D271A-1734-4221-8A09-CB822694D6E5}.Debug|Any CPU.Build.0 = Debug|Any CPU
		{C42D271A-1734-4221-8A09-CB822694D6E5}.Release|Any CPU.ActiveCfg = Release|Any CPU
		{C42D271A-1734-4221-8A09-CB822694D6E5}.Release|Any CPU.Build.0 = Release|Any CPU
		{B6C9B131-2D79-427B-A64F-E2F5E4DDBF9E}.Debug|Any CPU.ActiveCfg = Debug|Any CPU
		{B6C9B131-2D79-427B-A64F-E2F5E4DDBF9E}.Debug|Any CPU.Build.0 = Debug|Any CPU
		{B6C9B131-2D79-427B-A64F-E2F5E4DDBF9E}.Release|Any CPU.ActiveCfg = Release|Any CPU
		{B6C9B131-2D79-427B-A64F-E2F5E4DDBF9E}.Release|Any CPU.Build.0 = Release|Any CPU
		{4BBA3027-9104-46DC-9854-45161BF633CE}.Debug|Any CPU.ActiveCfg = Debug|Any CPU
		{4BBA3027-9104-46DC-9854-45161BF633CE}.Debug|Any CPU.Build.0 = Debug|Any CPU
		{4BBA3027-9104-46DC-9854-45161BF633CE}.Release|Any CPU.ActiveCfg = Release|Any CPU
		{4BBA3027-9104-46DC-9854-45161BF633CE}.Release|Any CPU.Build.0 = Release|Any CPU
		{146EB1ED-209F-49BA-B56A-B74AE1195DB8}.Debug|Any CPU.ActiveCfg = Debug|Any CPU
		{146EB1ED-209F-49BA-B56A-B74AE1195DB8}.Debug|Any CPU.Build.0 = Debug|Any CPU
		{146EB1ED-209F-49BA-B56A-B74AE1195DB8}.Release|Any CPU.ActiveCfg = Release|Any CPU
		{146EB1ED-209F-49BA-B56A-B74AE1195DB8}.Release|Any CPU.Build.0 = Release|Any CPU
		{66154C55-AC8F-48D5-B162-DB7A26C6F895}.Debug|Any CPU.ActiveCfg = Debug|Any CPU
		{66154C55-AC8F-48D5-B162-DB7A26C6F895}.Debug|Any CPU.Build.0 = Debug|Any CPU
		{66154C55-AC8F-48D5-B162-DB7A26C6F895}.Release|Any CPU.ActiveCfg = Release|Any CPU
		{66154C55-AC8F-48D5-B162-DB7A26C6F895}.Release|Any CPU.Build.0 = Release|Any CPU
		{4FAC2060-EE12-419B-80A3-2591663A1804}.Debug|Any CPU.ActiveCfg = Debug|Any CPU
		{4FAC2060-EE12-419B-80A3-2591663A1804}.Debug|Any CPU.Build.0 = Debug|Any CPU
		{4FAC2060-EE12-419B-80A3-2591663A1804}.Release|Any CPU.ActiveCfg = Release|Any CPU
		{4FAC2060-EE12-419B-80A3-2591663A1804}.Release|Any CPU.Build.0 = Release|Any CPU
		{3DFDB98A-C47B-4F62-9026-EFC283856B44}.Debug|Any CPU.ActiveCfg = Debug|Any CPU
		{3DFDB98A-C47B-4F62-9026-EFC283856B44}.Debug|Any CPU.Build.0 = Debug|Any CPU
		{3DFDB98A-C47B-4F62-9026-EFC283856B44}.Release|Any CPU.ActiveCfg = Release|Any CPU
		{3DFDB98A-C47B-4F62-9026-EFC283856B44}.Release|Any CPU.Build.0 = Release|Any CPU
		{54B38227-E7D5-47B4-A001-17F451E2C317}.Debug|Any CPU.ActiveCfg = Debug|Any CPU
		{54B38227-E7D5-47B4-A001-17F451E2C317}.Debug|Any CPU.Build.0 = Debug|Any CPU
		{54B38227-E7D5-47B4-A001-17F451E2C317}.Release|Any CPU.ActiveCfg = Release|Any CPU
		{54B38227-E7D5-47B4-A001-17F451E2C317}.Release|Any CPU.Build.0 = Release|Any CPU
		{0012E9F1-B445-40B5-BE0E-22D7547F420F}.Debug|Any CPU.ActiveCfg = Debug|Any CPU
		{0012E9F1-B445-40B5-BE0E-22D7547F420F}.Debug|Any CPU.Build.0 = Debug|Any CPU
		{0012E9F1-B445-40B5-BE0E-22D7547F420F}.Release|Any CPU.ActiveCfg = Release|Any CPU
		{0012E9F1-B445-40B5-BE0E-22D7547F420F}.Release|Any CPU.Build.0 = Release|Any CPU
		{8A11F753-E0FB-47C4-B15D-E56047C8EA00}.Debug|Any CPU.ActiveCfg = Debug|Any CPU
		{8A11F753-E0FB-47C4-B15D-E56047C8EA00}.Debug|Any CPU.Build.0 = Debug|Any CPU
		{8A11F753-E0FB-47C4-B15D-E56047C8EA00}.Release|Any CPU.ActiveCfg = Release|Any CPU
		{8A11F753-E0FB-47C4-B15D-E56047C8EA00}.Release|Any CPU.Build.0 = Release|Any CPU
	EndGlobalSection
	GlobalSection(SolutionProperties) = preSolution
		HideSolutionNode = FALSE
	EndGlobalSection
	GlobalSection(NestedProjects) = preSolution
		{8EB1C90C-95CA-4CA3-8C84-891CA06239AF} = {37258019-C8ED-4073-BFB0-79C4BFE06ADE}
		{C42D271A-1734-4221-8A09-CB822694D6E5} = {57294399-7D94-4F1C-A306-DA405F0968F5}
		{B6C9B131-2D79-427B-A64F-E2F5E4DDBF9E} = {D4A3C0E3-29CD-4A70-AE4D-238B3508F6A5}
		{4BBA3027-9104-46DC-9854-45161BF633CE} = {FE7DEE35-0D15-4F03-ABDD-5F36F2425FFA}
		{146EB1ED-209F-49BA-B56A-B74AE1195DB8} = {E2E12E85-62EA-47B0-87CB-E48B7F26F618}
		{66154C55-AC8F-48D5-B162-DB7A26C6F895} = {37258019-C8ED-4073-BFB0-79C4BFE06ADE}
		{4FAC2060-EE12-419B-80A3-2591663A1804} = {57294399-7D94-4F1C-A306-DA405F0968F5}
		{3DFDB98A-C47B-4F62-9026-EFC283856B44} = {E2E12E85-62EA-47B0-87CB-E48B7F26F618}
		{54B38227-E7D5-47B4-A001-17F451E2C317} = {D4A3C0E3-29CD-4A70-AE4D-238B3508F6A5}
		{0012E9F1-B445-40B5-BE0E-22D7547F420F} = {FE7DEE35-0D15-4F03-ABDD-5F36F2425FFA}
		{8A11F753-E0FB-47C4-B15D-E56047C8EA00} = {9D787DB2-7648-4686-A924-8BC7A83577E1}
	EndGlobalSection
	GlobalSection(ExtensibilityGlobals) = postSolution
		SolutionGuid = {B626C57F-0DF2-42E2-A6FB-2F37E001D64C}
	EndGlobalSection
EndGlobal
