
Microsoft Visual Studio Solution File, Format Version 12.00
# Visual Studio 15
VisualStudioVersion = 15.0.28010.2046
MinimumVisualStudioVersion = 10.0.40219.1
Project("{9A19103F-16F7-4668-BE54-9A1E7A4F7556}") = "AuthAPI", "AuthService\AuthAPI.csproj", "{42382C1B-7FC4-4377-8C37-E9CCB0571CD2}"
EndProject
Project("{9A19103F-16F7-4668-BE54-9A1E7A4F7556}") = "CoursesAPI", "CoursesService\CoursesAPI.csproj", "{8EB1C90C-95CA-4CA3-8C84-891CA06239AF}"
EndProject
Project("{9A19103F-16F7-4668-BE54-9A1E7A4F7556}") = "ExamsAPI", "ExamsService\ExamsAPI.csproj", "{C42D271A-1734-4221-8A09-CB822694D6E5}"
EndProject
Project("{9A19103F-16F7-4668-BE54-9A1E7A4F7556}") = "StudentsAPI", "StudentsService\StudentsAPI.csproj", "{B6C9B131-2D79-427B-A64F-E2F5E4DDBF9E}"
EndProject
Project("{9A19103F-16F7-4668-BE54-9A1E7A4F7556}") = "Infrastructure", "Infrastructure\Infrastructure.csproj", "{AF72B4F1-B82B-4EB0-8B90-B6FDCB5A94B6}"
EndProject
Project("{2150E333-8FDC-42A3-9474-1A3956D46DE8}") = "Shared", "Shared", "{FE7DEE35-0D15-4F03-ABDD-5F36F2425FFA}"
EndProject
Project("{9A19103F-16F7-4668-BE54-9A1E7A4F7556}") = "Data", "Data\Data.csproj", "{4BBA3027-9104-46DC-9854-45161BF633CE}"
EndProject
Project("{2150E333-8FDC-42A3-9474-1A3956D46DE8}") = "Data Layer", "Data Layer", "{3F426A03-2B2E-4E43-899A-DAEAD529F145}"
EndProject
Project("{9A19103F-16F7-4668-BE54-9A1E7A4F7556}") = "AuthBusiness", "Auth Business\AuthBusiness.csproj", "{4EBAB94F-E6C7-4ED6-8609-7C9628DC1750}"
EndProject
Project("{9A19103F-16F7-4668-BE54-9A1E7A4F7556}") = "CoursesBusiness", "CoursesBusiness\CoursesBusiness.csproj", "{763AFA46-9FD2-4AFC-8EE6-7FE499A150A1}"
EndProject
Project("{9A19103F-16F7-4668-BE54-9A1E7A4F7556}") = "ReportingBusiness", "ReportingBusiness\ReportingBusiness.csproj", "{CA7F5AD6-B5BD-4F70-AB30-2CB658C4A7F7}"
EndProject
Project("{9A19103F-16F7-4668-BE54-9A1E7A4F7556}") = "StudentsBusiness", "StudentsBusiness\StudentsBusiness.csproj", "{DF6DCFE8-4FF8-45E8-819E-995F726781A1}"
EndProject
Project("{9A19103F-16F7-4668-BE54-9A1E7A4F7556}") = "ExamsBusiness", "ExamsBusiness\ExamsBusiness.csproj", "{53F045FF-ACC1-48B8-AA94-964943CF0091}"
EndProject
Project("{2150E333-8FDC-42A3-9474-1A3956D46DE8}") = "APIs", "APIs", "{643D9A42-6109-432D-B3C9-57A381D00B9B}"
EndProject
Project("{2150E333-8FDC-42A3-9474-1A3956D46DE8}") = "Bussiness", "Bussiness", "{9192DE7A-5417-44F6-ADDA-64784BD1FE60}"
EndProject
Project("{9A19103F-16F7-4668-BE54-9A1E7A4F7556}") = "ReportingAPI", "ReportingSrevice\ReportingAPI.csproj", "{146EB1ED-209F-49BA-B56A-B74AE1195DB8}"
EndProject
Global
	GlobalSection(SolutionConfigurationPlatforms) = preSolution
		Debug|Any CPU = Debug|Any CPU
		Release|Any CPU = Release|Any CPU
	EndGlobalSection
	GlobalSection(ProjectConfigurationPlatforms) = postSolution
		{42382C1B-7FC4-4377-8C37-E9CCB0571CD2}.Debug|Any CPU.ActiveCfg = Debug|Any CPU
		{42382C1B-7FC4-4377-8C37-E9CCB0571CD2}.Debug|Any CPU.Build.0 = Debug|Any CPU
		{42382C1B-7FC4-4377-8C37-E9CCB0571CD2}.Release|Any CPU.ActiveCfg = Release|Any CPU
		{42382C1B-7FC4-4377-8C37-E9CCB0571CD2}.Release|Any CPU.Build.0 = Release|Any CPU
		{8EB1C90C-95CA-4CA3-8C84-891CA06239AF}.Debug|Any CPU.ActiveCfg = Debug|Any CPU
		{8EB1C90C-95CA-4CA3-8C84-891CA06239AF}.Debug|Any CPU.Build.0 = Debug|Any CPU
		{8EB1C90C-95CA-4CA3-8C84-891CA06239AF}.Release|Any CPU.ActiveCfg = Release|Any CPU
		{8EB1C90C-95CA-4CA3-8C84-891CA06239AF}.Release|Any CPU.Build.0 = Release|Any CPU
		{C42D271A-1734-4221-8A09-CB822694D6E5}.Debug|Any CPU.ActiveCfg = Debug|Any CPU
		{C42D271A-1734-4221-8A09-CB822694D6E5}.Debug|Any CPU.Build.0 = Debug|Any CPU
		{C42D271A-1734-4221-8A09-CB822694D6E5}.Release|Any CPU.ActiveCfg = Release|Any CPU
		{C42D271A-1734-4221-8A09-CB822694D6E5}.Release|Any CPU.Build.0 = Release|Any CPU
		{B6C9B131-2D79-427B-A64F-E2F5E4DDBF9E}.Debug|Any CPU.ActiveCfg = Debug|Any CPU
		{B6C9B131-2D79-427B-A64F-E2F5E4DDBF9E}.Debug|Any CPU.Build.0 = Debug|Any CPU
		{B6C9B131-2D79-427B-A64F-E2F5E4DDBF9E}.Release|Any CPU.ActiveCfg = Release|Any CPU
		{B6C9B131-2D79-427B-A64F-E2F5E4DDBF9E}.Release|Any CPU.Build.0 = Release|Any CPU
		{AF72B4F1-B82B-4EB0-8B90-B6FDCB5A94B6}.Debug|Any CPU.ActiveCfg = Debug|Any CPU
		{AF72B4F1-B82B-4EB0-8B90-B6FDCB5A94B6}.Debug|Any CPU.Build.0 = Debug|Any CPU
		{AF72B4F1-B82B-4EB0-8B90-B6FDCB5A94B6}.Release|Any CPU.ActiveCfg = Release|Any CPU
		{AF72B4F1-B82B-4EB0-8B90-B6FDCB5A94B6}.Release|Any CPU.Build.0 = Release|Any CPU
		{4BBA3027-9104-46DC-9854-45161BF633CE}.Debug|Any CPU.ActiveCfg = Debug|Any CPU
		{4BBA3027-9104-46DC-9854-45161BF633CE}.Debug|Any CPU.Build.0 = Debug|Any CPU
		{4BBA3027-9104-46DC-9854-45161BF633CE}.Release|Any CPU.ActiveCfg = Release|Any CPU
		{4BBA3027-9104-46DC-9854-45161BF633CE}.Release|Any CPU.Build.0 = Release|Any CPU
		{4EBAB94F-E6C7-4ED6-8609-7C9628DC1750}.Debug|Any CPU.ActiveCfg = Debug|Any CPU
		{4EBAB94F-E6C7-4ED6-8609-7C9628DC1750}.Debug|Any CPU.Build.0 = Debug|Any CPU
		{4EBAB94F-E6C7-4ED6-8609-7C9628DC1750}.Release|Any CPU.ActiveCfg = Release|Any CPU
		{4EBAB94F-E6C7-4ED6-8609-7C9628DC1750}.Release|Any CPU.Build.0 = Release|Any CPU
		{763AFA46-9FD2-4AFC-8EE6-7FE499A150A1}.Debug|Any CPU.ActiveCfg = Debug|Any CPU
		{763AFA46-9FD2-4AFC-8EE6-7FE499A150A1}.Debug|Any CPU.Build.0 = Debug|Any CPU
		{763AFA46-9FD2-4AFC-8EE6-7FE499A150A1}.Release|Any CPU.ActiveCfg = Release|Any CPU
		{763AFA46-9FD2-4AFC-8EE6-7FE499A150A1}.Release|Any CPU.Build.0 = Release|Any CPU
		{CA7F5AD6-B5BD-4F70-AB30-2CB658C4A7F7}.Debug|Any CPU.ActiveCfg = Debug|Any CPU
		{CA7F5AD6-B5BD-4F70-AB30-2CB658C4A7F7}.Debug|Any CPU.Build.0 = Debug|Any CPU
		{CA7F5AD6-B5BD-4F70-AB30-2CB658C4A7F7}.Release|Any CPU.ActiveCfg = Release|Any CPU
		{CA7F5AD6-B5BD-4F70-AB30-2CB658C4A7F7}.Release|Any CPU.Build.0 = Release|Any CPU
		{DF6DCFE8-4FF8-45E8-819E-995F726781A1}.Debug|Any CPU.ActiveCfg = Debug|Any CPU
		{DF6DCFE8-4FF8-45E8-819E-995F726781A1}.Debug|Any CPU.Build.0 = Debug|Any CPU
		{DF6DCFE8-4FF8-45E8-819E-995F726781A1}.Release|Any CPU.ActiveCfg = Release|Any CPU
		{DF6DCFE8-4FF8-45E8-819E-995F726781A1}.Release|Any CPU.Build.0 = Release|Any CPU
		{53F045FF-ACC1-48B8-AA94-964943CF0091}.Debug|Any CPU.ActiveCfg = Debug|Any CPU
		{53F045FF-ACC1-48B8-AA94-964943CF0091}.Debug|Any CPU.Build.0 = Debug|Any CPU
		{53F045FF-ACC1-48B8-AA94-964943CF0091}.Release|Any CPU.ActiveCfg = Release|Any CPU
		{53F045FF-ACC1-48B8-AA94-964943CF0091}.Release|Any CPU.Build.0 = Release|Any CPU
		{146EB1ED-209F-49BA-B56A-B74AE1195DB8}.Debug|Any CPU.ActiveCfg = Debug|Any CPU
		{146EB1ED-209F-49BA-B56A-B74AE1195DB8}.Debug|Any CPU.Build.0 = Debug|Any CPU
		{146EB1ED-209F-49BA-B56A-B74AE1195DB8}.Release|Any CPU.ActiveCfg = Release|Any CPU
		{146EB1ED-209F-49BA-B56A-B74AE1195DB8}.Release|Any CPU.Build.0 = Release|Any CPU
	EndGlobalSection
	GlobalSection(SolutionProperties) = preSolution
		HideSolutionNode = FALSE
	EndGlobalSection
	GlobalSection(NestedProjects) = preSolution
		{42382C1B-7FC4-4377-8C37-E9CCB0571CD2} = {643D9A42-6109-432D-B3C9-57A381D00B9B}
		{8EB1C90C-95CA-4CA3-8C84-891CA06239AF} = {643D9A42-6109-432D-B3C9-57A381D00B9B}
		{C42D271A-1734-4221-8A09-CB822694D6E5} = {643D9A42-6109-432D-B3C9-57A381D00B9B}
		{B6C9B131-2D79-427B-A64F-E2F5E4DDBF9E} = {643D9A42-6109-432D-B3C9-57A381D00B9B}
		{AF72B4F1-B82B-4EB0-8B90-B6FDCB5A94B6} = {FE7DEE35-0D15-4F03-ABDD-5F36F2425FFA}
		{4BBA3027-9104-46DC-9854-45161BF633CE} = {3F426A03-2B2E-4E43-899A-DAEAD529F145}
		{4EBAB94F-E6C7-4ED6-8609-7C9628DC1750} = {9192DE7A-5417-44F6-ADDA-64784BD1FE60}
		{763AFA46-9FD2-4AFC-8EE6-7FE499A150A1} = {9192DE7A-5417-44F6-ADDA-64784BD1FE60}
		{CA7F5AD6-B5BD-4F70-AB30-2CB658C4A7F7} = {9192DE7A-5417-44F6-ADDA-64784BD1FE60}
		{DF6DCFE8-4FF8-45E8-819E-995F726781A1} = {9192DE7A-5417-44F6-ADDA-64784BD1FE60}
		{53F045FF-ACC1-48B8-AA94-964943CF0091} = {9192DE7A-5417-44F6-ADDA-64784BD1FE60}
		{146EB1ED-209F-49BA-B56A-B74AE1195DB8} = {643D9A42-6109-432D-B3C9-57A381D00B9B}
	EndGlobalSection
	GlobalSection(ExtensibilityGlobals) = postSolution
		SolutionGuid = {B626C57F-0DF2-42E2-A6FB-2F37E001D64C}
	EndGlobalSection
EndGlobal
